// !$*UTF8*$!
{
	archiveVersion = 1;
	classes = {
	};
	objectVersion = 50;
	objects = {

/* Begin PBXBuildFile section */
		263C207220D671970060D912 /* AppDelegate.swift in Sources */ = {isa = PBXBuildFile; fileRef = 263C207120D671970060D912 /* AppDelegate.swift */; };
		263C207420D671970060D912 /* ViewController.swift in Sources */ = {isa = PBXBuildFile; fileRef = 263C207320D671970060D912 /* ViewController.swift */; };
		263C207720D671970060D912 /* Main.storyboard in Resources */ = {isa = PBXBuildFile; fileRef = 263C207520D671970060D912 /* Main.storyboard */; };
		263C207920D671980060D912 /* Assets.xcassets in Resources */ = {isa = PBXBuildFile; fileRef = 263C207820D671980060D912 /* Assets.xcassets */; };
		263C207C20D671980060D912 /* LaunchScreen.storyboard in Resources */ = {isa = PBXBuildFile; fileRef = 263C207A20D671980060D912 /* LaunchScreen.storyboard */; };
		263C208720D671990060D912 /* Let_s_Calculate_Tests.swift in Sources */ = {isa = PBXBuildFile; fileRef = 263C208620D671990060D912 /* Let_s_Calculate_Tests.swift */; };
		263C209220D671990060D912 /* Let_s_Calculate_UITests.swift in Sources */ = {isa = PBXBuildFile; fileRef = 263C209120D671990060D912 /* Let_s_Calculate_UITests.swift */; };
		263C20A220D6973D0060D912 /* Symbol.swift in Sources */ = {isa = PBXBuildFile; fileRef = 263C20A120D6973D0060D912 /* Symbol.swift */; };
		263C20A420D6EB650060D912 /* CalculatorLogic.swift in Sources */ = {isa = PBXBuildFile; fileRef = 263C20A320D6EB650060D912 /* CalculatorLogic.swift */; };
/* End PBXBuildFile section */

/* Begin PBXContainerItemProxy section */
		263C208320D671990060D912 /* PBXContainerItemProxy */ = {
			isa = PBXContainerItemProxy;
			containerPortal = 263C206620D671970060D912 /* Project object */;
			proxyType = 1;
			remoteGlobalIDString = 263C206D20D671970060D912;
			remoteInfo = "Let's Calculate!";
		};
		263C208E20D671990060D912 /* PBXContainerItemProxy */ = {
			isa = PBXContainerItemProxy;
			containerPortal = 263C206620D671970060D912 /* Project object */;
			proxyType = 1;
			remoteGlobalIDString = 263C206D20D671970060D912;
			remoteInfo = "Let's Calculate!";
		};
/* End PBXContainerItemProxy section */

/* Begin PBXFileReference section */
		263C206E20D671970060D912 /* Let's Calculate!.app */ = {isa = PBXFileReference; explicitFileType = wrapper.application; includeInIndex = 0; path = "Let's Calculate!.app"; sourceTree = BUILT_PRODUCTS_DIR; };
		263C207120D671970060D912 /* AppDelegate.swift */ = {isa = PBXFileReference; lastKnownFileType = sourcecode.swift; path = AppDelegate.swift; sourceTree = "<group>"; };
		263C207320D671970060D912 /* ViewController.swift */ = {isa = PBXFileReference; lastKnownFileType = sourcecode.swift; path = ViewController.swift; sourceTree = "<group>"; };
		263C207620D671970060D912 /* Base */ = {isa = PBXFileReference; lastKnownFileType = file.storyboard; name = Base; path = Base.lproj/Main.storyboard; sourceTree = "<group>"; };
		263C207820D671980060D912 /* Assets.xcassets */ = {isa = PBXFileReference; lastKnownFileType = folder.assetcatalog; path = Assets.xcassets; sourceTree = "<group>"; };
		263C207B20D671980060D912 /* Base */ = {isa = PBXFileReference; lastKnownFileType = file.storyboard; name = Base; path = Base.lproj/LaunchScreen.storyboard; sourceTree = "<group>"; };
		263C207D20D671980060D912 /* Info.plist */ = {isa = PBXFileReference; lastKnownFileType = text.plist.xml; path = Info.plist; sourceTree = "<group>"; };
		263C208220D671990060D912 /* Let's Calculate!Tests.xctest */ = {isa = PBXFileReference; explicitFileType = wrapper.cfbundle; includeInIndex = 0; path = "Let's Calculate!Tests.xctest"; sourceTree = BUILT_PRODUCTS_DIR; };
		263C208620D671990060D912 /* Let_s_Calculate_Tests.swift */ = {isa = PBXFileReference; lastKnownFileType = sourcecode.swift; path = Let_s_Calculate_Tests.swift; sourceTree = "<group>"; };
		263C208820D671990060D912 /* Info.plist */ = {isa = PBXFileReference; lastKnownFileType = text.plist.xml; path = Info.plist; sourceTree = "<group>"; };
		263C208D20D671990060D912 /* Let's Calculate!UITests.xctest */ = {isa = PBXFileReference; explicitFileType = wrapper.cfbundle; includeInIndex = 0; path = "Let's Calculate!UITests.xctest"; sourceTree = BUILT_PRODUCTS_DIR; };
		263C209120D671990060D912 /* Let_s_Calculate_UITests.swift */ = {isa = PBXFileReference; lastKnownFileType = sourcecode.swift; path = Let_s_Calculate_UITests.swift; sourceTree = "<group>"; };
		263C209320D671990060D912 /* Info.plist */ = {isa = PBXFileReference; lastKnownFileType = text.plist.xml; path = Info.plist; sourceTree = "<group>"; };
		263C20A120D6973D0060D912 /* Symbol.swift */ = {isa = PBXFileReference; lastKnownFileType = sourcecode.swift; path = Symbol.swift; sourceTree = "<group>"; };
		263C20A320D6EB650060D912 /* CalculatorLogic.swift */ = {isa = PBXFileReference; lastKnownFileType = sourcecode.swift; path = CalculatorLogic.swift; sourceTree = "<group>"; };
/* End PBXFileReference section */

/* Begin PBXFrameworksBuildPhase section */
		263C206B20D671970060D912 /* Frameworks */ = {
			isa = PBXFrameworksBuildPhase;
			buildActionMask = 2147483647;
			files = (
			);
			runOnlyForDeploymentPostprocessing = 0;
		};
		263C207F20D671990060D912 /* Frameworks */ = {
			isa = PBXFrameworksBuildPhase;
			buildActionMask = 2147483647;
			files = (
			);
			runOnlyForDeploymentPostprocessing = 0;
		};
		263C208A20D671990060D912 /* Frameworks */ = {
			isa = PBXFrameworksBuildPhase;
			buildActionMask = 2147483647;
			files = (
			);
			runOnlyForDeploymentPostprocessing = 0;
		};
/* End PBXFrameworksBuildPhase section */

/* Begin PBXGroup section */
		263C206520D671970060D912 = {
			isa = PBXGroup;
			children = (
				263C207020D671970060D912 /* Let's Calculate! */,
				263C208520D671990060D912 /* Let's Calculate!Tests */,
				263C209020D671990060D912 /* Let's Calculate!UITests */,
				263C206F20D671970060D912 /* Products */,
			);
			sourceTree = "<group>";
		};
		263C206F20D671970060D912 /* Products */ = {
			isa = PBXGroup;
			children = (
				263C206E20D671970060D912 /* Let's Calculate!.app */,
				263C208220D671990060D912 /* Let's Calculate!Tests.xctest */,
				263C208D20D671990060D912 /* Let's Calculate!UITests.xctest */,
			);
			name = Products;
			sourceTree = "<group>";
		};
		263C207020D671970060D912 /* Let's Calculate! */ = {
			isa = PBXGroup;
			children = (
				263C207120D671970060D912 /* AppDelegate.swift */,
				263C20A120D6973D0060D912 /* Symbol.swift */,
				263C207320D671970060D912 /* ViewController.swift */,
				263C20A320D6EB650060D912 /* CalculatorLogic.swift */,
				263C207520D671970060D912 /* Main.storyboard */,
				263C207820D671980060D912 /* Assets.xcassets */,
				263C207A20D671980060D912 /* LaunchScreen.storyboard */,
				263C207D20D671980060D912 /* Info.plist */,
			);
			path = "Let's Calculate!";
			sourceTree = "<group>";
		};
		263C208520D671990060D912 /* Let's Calculate!Tests */ = {
			isa = PBXGroup;
			children = (
				263C208620D671990060D912 /* Let_s_Calculate_Tests.swift */,
				263C208820D671990060D912 /* Info.plist */,
			);
			path = "Let's Calculate!Tests";
			sourceTree = "<group>";
		};
		263C209020D671990060D912 /* Let's Calculate!UITests */ = {
			isa = PBXGroup;
			children = (
				263C209120D671990060D912 /* Let_s_Calculate_UITests.swift */,
				263C209320D671990060D912 /* Info.plist */,
			);
			path = "Let's Calculate!UITests";
			sourceTree = "<group>";
		};
/* End PBXGroup section */

/* Begin PBXNativeTarget section */
		263C206D20D671970060D912 /* Let's Calculate! */ = {
			isa = PBXNativeTarget;
			buildConfigurationList = 263C209620D671990060D912 /* Build configuration list for PBXNativeTarget "Let's Calculate!" */;
			buildPhases = (
				263C206A20D671970060D912 /* Sources */,
				263C206B20D671970060D912 /* Frameworks */,
				263C206C20D671970060D912 /* Resources */,
			);
			buildRules = (
			);
			dependencies = (
			);
			name = "Let's Calculate!";
			productName = "Let's Calculate!";
			productReference = 263C206E20D671970060D912 /* Let's Calculate!.app */;
			productType = "com.apple.product-type.application";
		};
		263C208120D671990060D912 /* Let's Calculate!Tests */ = {
			isa = PBXNativeTarget;
			buildConfigurationList = 263C209920D671990060D912 /* Build configuration list for PBXNativeTarget "Let's Calculate!Tests" */;
			buildPhases = (
				263C207E20D671990060D912 /* Sources */,
				263C207F20D671990060D912 /* Frameworks */,
				263C208020D671990060D912 /* Resources */,
			);
			buildRules = (
			);
			dependencies = (
				263C208420D671990060D912 /* PBXTargetDependency */,
			);
			name = "Let's Calculate!Tests";
			productName = "Let's Calculate!Tests";
			productReference = 263C208220D671990060D912 /* Let's Calculate!Tests.xctest */;
			productType = "com.apple.product-type.bundle.unit-test";
		};
		263C208C20D671990060D912 /* Let's Calculate!UITests */ = {
			isa = PBXNativeTarget;
			buildConfigurationList = 263C209C20D671990060D912 /* Build configuration list for PBXNativeTarget "Let's Calculate!UITests" */;
			buildPhases = (
				263C208920D671990060D912 /* Sources */,
				263C208A20D671990060D912 /* Frameworks */,
				263C208B20D671990060D912 /* Resources */,
			);
			buildRules = (
			);
			dependencies = (
				263C208F20D671990060D912 /* PBXTargetDependency */,
			);
			name = "Let's Calculate!UITests";
			productName = "Let's Calculate!UITests";
			productReference = 263C208D20D671990060D912 /* Let's Calculate!UITests.xctest */;
			productType = "com.apple.product-type.bundle.ui-testing";
		};
/* End PBXNativeTarget section */

/* Begin PBXProject section */
		263C206620D671970060D912 /* Project object */ = {
			isa = PBXProject;
			attributes = {
				LastSwiftUpdateCheck = 0940;
				LastUpgradeCheck = 0940;
				ORGANIZATIONNAME = "Oxfam Reject";
				TargetAttributes = {
					263C206D20D671970060D912 = {
						CreatedOnToolsVersion = 9.4;
					};
					263C208120D671990060D912 = {
						CreatedOnToolsVersion = 9.4;
						TestTargetID = 263C206D20D671970060D912;
					};
					263C208C20D671990060D912 = {
						CreatedOnToolsVersion = 9.4;
						TestTargetID = 263C206D20D671970060D912;
					};
				};
			};
			buildConfigurationList = 263C206920D671970060D912 /* Build configuration list for PBXProject "Let's Calculate!" */;
			compatibilityVersion = "Xcode 9.3";
			developmentRegion = en;
			hasScannedForEncodings = 0;
			knownRegions = (
				en,
				Base,
			);
			mainGroup = 263C206520D671970060D912;
			productRefGroup = 263C206F20D671970060D912 /* Products */;
			projectDirPath = "";
			projectRoot = "";
			targets = (
				263C206D20D671970060D912 /* Let's Calculate! */,
				263C208120D671990060D912 /* Let's Calculate!Tests */,
				263C208C20D671990060D912 /* Let's Calculate!UITests */,
			);
		};
/* End PBXProject section */

/* Begin PBXResourcesBuildPhase section */
		263C206C20D671970060D912 /* Resources */ = {
			isa = PBXResourcesBuildPhase;
			buildActionMask = 2147483647;
			files = (
				263C207C20D671980060D912 /* LaunchScreen.storyboard in Resources */,
				263C207920D671980060D912 /* Assets.xcassets in Resources */,
				263C207720D671970060D912 /* Main.storyboard in Resources */,
			);
			runOnlyForDeploymentPostprocessing = 0;
		};
		263C208020D671990060D912 /* Resources */ = {
			isa = PBXResourcesBuildPhase;
			buildActionMask = 2147483647;
			files = (
			);
			runOnlyForDeploymentPostprocessing = 0;
		};
		263C208B20D671990060D912 /* Resources */ = {
			isa = PBXResourcesBuildPhase;
			buildActionMask = 2147483647;
			files = (
			);
			runOnlyForDeploymentPostprocessing = 0;
		};
/* End PBXResourcesBuildPhase section */

/* Begin PBXSourcesBuildPhase section */
		263C206A20D671970060D912 /* Sources */ = {
			isa = PBXSourcesBuildPhase;
			buildActionMask = 2147483647;
			files = (
				263C20A420D6EB650060D912 /* CalculatorLogic.swift in Sources */,
				263C20A220D6973D0060D912 /* Symbol.swift in Sources */,
				263C207420D671970060D912 /* ViewController.swift in Sources */,
				263C207220D671970060D912 /* AppDelegate.swift in Sources */,
			);
			runOnlyForDeploymentPostprocessing = 0;
		};
		263C207E20D671990060D912 /* Sources */ = {
			isa = PBXSourcesBuildPhase;
			buildActionMask = 2147483647;
			files = (
				263C208720D671990060D912 /* Let_s_Calculate_Tests.swift in Sources */,
			);
			runOnlyForDeploymentPostprocessing = 0;
		};
		263C208920D671990060D912 /* Sources */ = {
			isa = PBXSourcesBuildPhase;
			buildActionMask = 2147483647;
			files = (
				263C209220D671990060D912 /* Let_s_Calculate_UITests.swift in Sources */,
			);
			runOnlyForDeploymentPostprocessing = 0;
		};
/* End PBXSourcesBuildPhase section */

/* Begin PBXTargetDependency section */
		263C208420D671990060D912 /* PBXTargetDependency */ = {
			isa = PBXTargetDependency;
			target = 263C206D20D671970060D912 /* Let's Calculate! */;
			targetProxy = 263C208320D671990060D912 /* PBXContainerItemProxy */;
		};
		263C208F20D671990060D912 /* PBXTargetDependency */ = {
			isa = PBXTargetDependency;
			target = 263C206D20D671970060D912 /* Let's Calculate! */;
			targetProxy = 263C208E20D671990060D912 /* PBXContainerItemProxy */;
		};
/* End PBXTargetDependency section */

/* Begin PBXVariantGroup section */
		263C207520D671970060D912 /* Main.storyboard */ = {
			isa = PBXVariantGroup;
			children = (
				263C207620D671970060D912 /* Base */,
			);
			name = Main.storyboard;
			sourceTree = "<group>";
		};
		263C207A20D671980060D912 /* LaunchScreen.storyboard */ = {
			isa = PBXVariantGroup;
			children = (
				263C207B20D671980060D912 /* Base */,
			);
			name = LaunchScreen.storyboard;
			sourceTree = "<group>";
		};
/* End PBXVariantGroup section */

/* Begin XCBuildConfiguration section */
		263C209420D671990060D912 /* Debug */ = {
			isa = XCBuildConfiguration;
			buildSettings = {
				ALWAYS_SEARCH_USER_PATHS = NO;
				CLANG_ANALYZER_NONNULL = YES;
				CLANG_ANALYZER_NUMBER_OBJECT_CONVERSION = YES_AGGRESSIVE;
				CLANG_CXX_LANGUAGE_STANDARD = "gnu++14";
				CLANG_CXX_LIBRARY = "libc++";
				CLANG_ENABLE_MODULES = YES;
				CLANG_ENABLE_OBJC_ARC = YES;
				CLANG_ENABLE_OBJC_WEAK = YES;
				CLANG_WARN_BLOCK_CAPTURE_AUTORELEASING = YES;
				CLANG_WARN_BOOL_CONVERSION = YES;
				CLANG_WARN_COMMA = YES;
				CLANG_WARN_CONSTANT_CONVERSION = YES;
				CLANG_WARN_DEPRECATED_OBJC_IMPLEMENTATIONS = YES;
				CLANG_WARN_DIRECT_OBJC_ISA_USAGE = YES_ERROR;
				CLANG_WARN_DOCUMENTATION_COMMENTS = YES;
				CLANG_WARN_EMPTY_BODY = YES;
				CLANG_WARN_ENUM_CONVERSION = YES;
				CLANG_WARN_INFINITE_RECURSION = YES;
				CLANG_WARN_INT_CONVERSION = YES;
				CLANG_WARN_NON_LITERAL_NULL_CONVERSION = YES;
				CLANG_WARN_OBJC_IMPLICIT_RETAIN_SELF = YES;
				CLANG_WARN_OBJC_LITERAL_CONVERSION = YES;
				CLANG_WARN_OBJC_ROOT_CLASS = YES_ERROR;
				CLANG_WARN_RANGE_LOOP_ANALYSIS = YES;
				CLANG_WARN_STRICT_PROTOTYPES = YES;
				CLANG_WARN_SUSPICIOUS_MOVE = YES;
				CLANG_WARN_UNGUARDED_AVAILABILITY = YES_AGGRESSIVE;
				CLANG_WARN_UNREACHABLE_CODE = YES;
				CLANG_WARN__DUPLICATE_METHOD_MATCH = YES;
				CODE_SIGN_IDENTITY = "iPhone Developer";
				COPY_PHASE_STRIP = NO;
				DEBUG_INFORMATION_FORMAT = dwarf;
				ENABLE_STRICT_OBJC_MSGSEND = YES;
				ENABLE_TESTABILITY = YES;
				GCC_C_LANGUAGE_STANDARD = gnu11;
				GCC_DYNAMIC_NO_PIC = NO;
				GCC_NO_COMMON_BLOCKS = YES;
				GCC_OPTIMIZATION_LEVEL = 0;
				GCC_PREPROCESSOR_DEFINITIONS = (
					"DEBUG=1",
					"$(inherited)",
				);
				GCC_WARN_64_TO_32_BIT_CONVERSION = YES;
				GCC_WARN_ABOUT_RETURN_TYPE = YES_ERROR;
				GCC_WARN_UNDECLARED_SELECTOR = YES;
				GCC_WARN_UNINITIALIZED_AUTOS = YES_AGGRESSIVE;
				GCC_WARN_UNUSED_FUNCTION = YES;
				GCC_WARN_UNUSED_VARIABLE = YES;
				IPHONEOS_DEPLOYMENT_TARGET = 11.4;
				MTL_ENABLE_DEBUG_INFO = YES;
				ONLY_ACTIVE_ARCH = YES;
				SDKROOT = iphoneos;
				SWIFT_ACTIVE_COMPILATION_CONDITIONS = DEBUG;
				SWIFT_OPTIMIZATION_LEVEL = "-Onone";
			};
			name = Debug;
		};
		263C209520D671990060D912 /* Release */ = {
			isa = XCBuildConfiguration;
			buildSettings = {
				ALWAYS_SEARCH_USER_PATHS = NO;
				CLANG_ANALYZER_NONNULL = YES;
				CLANG_ANALYZER_NUMBER_OBJECT_CONVERSION = YES_AGGRESSIVE;
				CLANG_CXX_LANGUAGE_STANDARD = "gnu++14";
				CLANG_CXX_LIBRARY = "libc++";
				CLANG_ENABLE_MODULES = YES;
				CLANG_ENABLE_OBJC_ARC = YES;
				CLANG_ENABLE_OBJC_WEAK = YES;
				CLANG_WARN_BLOCK_CAPTURE_AUTORELEASING = YES;
				CLANG_WARN_BOOL_CONVERSION = YES;
				CLANG_WARN_COMMA = YES;
				CLANG_WARN_CONSTANT_CONVERSION = YES;
				CLANG_WARN_DEPRECATED_OBJC_IMPLEMENTATIONS = YES;
				CLANG_WARN_DIRECT_OBJC_ISA_USAGE = YES_ERROR;
				CLANG_WARN_DOCUMENTATION_COMMENTS = YES;
				CLANG_WARN_EMPTY_BODY = YES;
				CLANG_WARN_ENUM_CONVERSION = YES;
				CLANG_WARN_INFINITE_RECURSION = YES;
				CLANG_WARN_INT_CONVERSION = YES;
				CLANG_WARN_NON_LITERAL_NULL_CONVERSION = YES;
				CLANG_WARN_OBJC_IMPLICIT_RETAIN_SELF = YES;
				CLANG_WARN_OBJC_LITERAL_CONVERSION = YES;
				CLANG_WARN_OBJC_ROOT_CLASS = YES_ERROR;
				CLANG_WARN_RANGE_LOOP_ANALYSIS = YES;
				CLANG_WARN_STRICT_PROTOTYPES = YES;
				CLANG_WARN_SUSPICIOUS_MOVE = YES;
				CLANG_WARN_UNGUARDED_AVAILABILITY = YES_AGGRESSIVE;
				CLANG_WARN_UNREACHABLE_CODE = YES;
				CLANG_WARN__DUPLICATE_METHOD_MATCH = YES;
				CODE_SIGN_IDENTITY = "iPhone Developer";
				COPY_PHASE_STRIP = NO;
				DEBUG_INFORMATION_FORMAT = "dwarf-with-dsym";
				ENABLE_NS_ASSERTIONS = NO;
				ENABLE_STRICT_OBJC_MSGSEND = YES;
				GCC_C_LANGUAGE_STANDARD = gnu11;
				GCC_NO_COMMON_BLOCKS = YES;
				GCC_WARN_64_TO_32_BIT_CONVERSION = YES;
				GCC_WARN_ABOUT_RETURN_TYPE = YES_ERROR;
				GCC_WARN_UNDECLARED_SELECTOR = YES;
				GCC_WARN_UNINITIALIZED_AUTOS = YES_AGGRESSIVE;
				GCC_WARN_UNUSED_FUNCTION = YES;
				GCC_WARN_UNUSED_VARIABLE = YES;
				IPHONEOS_DEPLOYMENT_TARGET = 11.4;
				MTL_ENABLE_DEBUG_INFO = NO;
				SDKROOT = iphoneos;
				SWIFT_COMPILATION_MODE = wholemodule;
				SWIFT_OPTIMIZATION_LEVEL = "-O";
				VALIDATE_PRODUCT = YES;
			};
			name = Release;
		};
		263C209720D671990060D912 /* Debug */ = {
			isa = XCBuildConfiguration;
			buildSettings = {
				ASSETCATALOG_COMPILER_APPICON_NAME = AppIcon;
				CODE_SIGN_STYLE = Automatic;
				DEVELOPMENT_TEAM = 2785MN478N;
				INFOPLIST_FILE = "Let's Calculate!/Info.plist";
				LD_RUNPATH_SEARCH_PATHS = (
					"$(inherited)",
					"@executable_path/Frameworks",
				);
				PRODUCT_BUNDLE_IDENTIFIER = "com.oxfamreject.Let-s-Calculate-";
				PRODUCT_NAME = "$(TARGET_NAME)";
				SWIFT_VERSION = 4.0;
				TARGETED_DEVICE_FAMILY = "1,2";
			};
			name = Debug;
		};
		263C209820D671990060D912 /* Release */ = {
			isa = XCBuildConfiguration;
			buildSettings = {
				ASSETCATALOG_COMPILER_APPICON_NAME = AppIcon;
				CODE_SIGN_STYLE = Automatic;
				DEVELOPMENT_TEAM = 2785MN478N;
				INFOPLIST_FILE = "Let's Calculate!/Info.plist";
				LD_RUNPATH_SEARCH_PATHS = (
					"$(inherited)",
					"@executable_path/Frameworks",
				);
				PRODUCT_BUNDLE_IDENTIFIER = "com.oxfamreject.Let-s-Calculate-";
				PRODUCT_NAME = "$(TARGET_NAME)";
				SWIFT_VERSION = 4.0;
				TARGETED_DEVICE_FAMILY = "1,2";
			};
			name = Release;
		};
		263C209A20D671990060D912 /* Debug */ = {
			isa = XCBuildConfiguration;
			buildSettings = {
				ALWAYS_EMBED_SWIFT_STANDARD_LIBRARIES = YES;
				BUNDLE_LOADER = "$(TEST_HOST)";
				CODE_SIGN_STYLE = Automatic;
				DEVELOPMENT_TEAM = 2785MN478N;
				INFOPLIST_FILE = "Let's Calculate!Tests/Info.plist";
				LD_RUNPATH_SEARCH_PATHS = (
					"$(inherited)",
					"@executable_path/Frameworks",
					"@loader_path/Frameworks",
				);
				PRODUCT_BUNDLE_IDENTIFIER = "com.oxfamreject.Let-s-Calculate-Tests";
				PRODUCT_NAME = "$(TARGET_NAME)";
				SWIFT_VERSION = 4.0;
				TARGETED_DEVICE_FAMILY = "1,2";
				TEST_HOST = "$(BUILT_PRODUCTS_DIR)/Let's Calculate!.app/Let's Calculate!";
			};
			name = Debug;
		};
		263C209B20D671990060D912 /* Release */ = {
			isa = XCBuildConfiguration;
			buildSettings = {
				ALWAYS_EMBED_SWIFT_STANDARD_LIBRARIES = YES;
				BUNDLE_LOADER = "$(TEST_HOST)";
				CODE_SIGN_STYLE = Automatic;
				DEVELOPMENT_TEAM = 2785MN478N;
				INFOPLIST_FILE = "Let's Calculate!Tests/Info.plist";
				LD_RUNPATH_SEARCH_PATHS = (
					"$(inherited)",
					"@executable_path/Frameworks",
					"@loader_path/Frameworks",
				);
				PRODUCT_BUNDLE_IDENTIFIER = "com.oxfamreject.Let-s-Calculate-Tests";
				PRODUCT_NAME = "$(TARGET_NAME)";
				SWIFT_VERSION = 4.0;
				TARGETED_DEVICE_FAMILY = "1,2";
				TEST_HOST = "$(BUILT_PRODUCTS_DIR)/Let's Calculate!.app/Let's Calculate!";
			};
			name = Release;
		};
		263C209D20D671990060D912 /* Debug */ = {
			isa = XCBuildConfiguration;
			buildSettings = {
				ALWAYS_EMBED_SWIFT_STANDARD_LIBRARIES = YES;
				CODE_SIGN_STYLE = Automatic;
				DEVELOPMENT_TEAM = 2785MN478N;
				INFOPLIST_FILE = "Let's Calculate!UITests/Info.plist";
				LD_RUNPATH_SEARCH_PATHS = (
					"$(inherited)",
					"@executable_path/Frameworks",
					"@loader_path/Frameworks",
				);
				PRODUCT_BUNDLE_IDENTIFIER = "com.oxfamreject.Let-s-Calculate-UITests";
				PRODUCT_NAME = "$(TARGET_NAME)";
				SWIFT_VERSION = 4.0;
				TARGETED_DEVICE_FAMILY = "1,2";
				TEST_TARGET_NAME = "Let's Calculate!";
			};
			name = Debug;
		};
		263C209E20D671990060D912 /* Release */ = {
			isa = XCBuildConfiguration;
			buildSettings = {
				ALWAYS_EMBED_SWIFT_STANDARD_LIBRARIES = YES;
				CODE_SIGN_STYLE = Automatic;
				DEVELOPMENT_TEAM = 2785MN478N;
				INFOPLIST_FILE = "Let's Calculate!UITests/Info.plist";
				LD_RUNPATH_SEARCH_PATHS = (
					"$(inherited)",
					"@executable_path/Frameworks",
					"@loader_path/Frameworks",
				);
				PRODUCT_BUNDLE_IDENTIFIER = "com.oxfamreject.Let-s-Calculate-UITests";
				PRODUCT_NAME = "$(TARGET_NAME)";
				SWIFT_VERSION = 4.0;
				TARGETED_DEVICE_FAMILY = "1,2";
				TEST_TARGET_NAME = "Let's Calculate!";
			};
			name = Release;
		};
/* End XCBuildConfiguration section */

/* Begin XCConfigurationList section */
		263C206920D671970060D912 /* Build configuration list for PBXProject "Let's Calculate!" */ = {
			isa = XCConfigurationList;
			buildConfigurations = (
				263C209420D671990060D912 /* Debug */,
				263C209520D671990060D912 /* Release */,
			);
			defaultConfigurationIsVisible = 0;
			defaultConfigurationName = Release;
		};
		263C209620D671990060D912 /* Build configuration list for PBXNativeTarget "Let's Calculate!" */ = {
			isa = XCConfigurationList;
			buildConfigurations = (
				263C209720D671990060D912 /* Debug */,
				263C209820D671990060D912 /* Release */,
			);
			defaultConfigurationIsVisible = 0;
			defaultConfigurationName = Release;
		};
		263C209920D671990060D912 /* Build configuration list for PBXNativeTarget "Let's Calculate!Tests" */ = {
			isa = XCConfigurationList;
			buildConfigurations = (
				263C209A20D671990060D912 /* Debug */,
				263C209B20D671990060D912 /* Release */,
			);
			defaultConfigurationIsVisible = 0;
			defaultConfigurationName = Release;
		};
		263C209C20D671990060D912 /* Build configuration list for PBXNativeTarget "Let's Calculate!UITests" */ = {
			isa = XCConfigurationList;
			buildConfigurations = (
				263C209D20D671990060D912 /* Debug */,
				263C209E20D671990060D912 /* Release */,
			);
			defaultConfigurationIsVisible = 0;
			defaultConfigurationName = Release;
		};
/* End XCConfigurationList section */
	};
	rootObject = 263C206620D671970060D912 /* Project object */;
}
